
Microsoft Visual Studio Solution File, Format Version 12.00
# Visual Studio Version 17
VisualStudioVersion = 17.0.32014.148
MinimumVisualStudioVersion = 10.0.40219.1
Project("{2150E333-8FDC-42A3-9474-1A3956D46DE8}") = "01 - Testes de Unidade", "01 - Testes de Unidade", "{8029700F-F992-4E61-91B8-B81824719F12}"
EndProject
Project("{2150E333-8FDC-42A3-9474-1A3956D46DE8}") = "1.1 - Testes basicos", "1.1 - Testes basicos", "{CA4EA6EF-3A54-431B-AFE4-B9B538D087E2}"
EndProject
Project("{9A19103F-16F7-4668-BE54-9A1E7A4F7556}") = "Demo", "01 - Testes de Unidade\Demo\Demo.csproj", "{7DCF7A19-DB87-4C82-8CC6-D87F1B122718}"
EndProject
Project("{9A19103F-16F7-4668-BE54-9A1E7A4F7556}") = "Demo.Tests", "01 - Testes de Unidade\Demo.Tests\Demo.Tests.csproj", "{DCDC4F31-E773-40FF-AD04-F6D61CB95B59}"
EndProject
Project("{2150E333-8FDC-42A3-9474-1A3956D46DE8}") = "Solution Items", "Solution Items", "{5710A696-C602-4DFA-B367-F42F44BAF00F}"
	ProjectSection(SolutionItems) = preProject
		Readme.md = Readme.md
	EndProjectSection
EndProject
Project("{2150E333-8FDC-42A3-9474-1A3956D46DE8}") = "2.2-Features", "2.2-Features", "{9C3C87AD-58B2-4310-923A-B200BA7CA136}"
EndProject
Project("{9A19103F-16F7-4668-BE54-9A1E7A4F7556}") = "Features", "01 - Testes de Unidade\Features\Features.csproj", "{C0B671C3-D99D-49F1-A849-631B9C0666EC}"
EndProject
Project("{9A19103F-16F7-4668-BE54-9A1E7A4F7556}") = "Features.Tests", "01 - Testes de Unidade\Features.Tests\Features.Tests.csproj", "{485AEC71-D632-49F3-8E8A-B3F171CABEEB}"
EndProject
Project("{2150E333-8FDC-42A3-9474-1A3956D46DE8}") = "02 - TDD", "02 - TDD", "{267F4DB6-54A5-48AB-BA1E-F6AF77ED7E22}"
EndProject
Project("{2150E333-8FDC-42A3-9474-1A3956D46DE8}") = "Tests", "Tests", "{0DAB8549-7555-4F8F-BAC4-F815CC3003BD}"
EndProject
Project("{9A19103F-16F7-4668-BE54-9A1E7A4F7556}") = "NerdStore.Vendas.Application.Tests", "02 - TDD\Tests\NerdStore.Vendas.Application.Tests\NerdStore.Vendas.Application.Tests.csproj", "{F4FC16F5-D51A-4DA6-B991-618E2089D820}"
EndProject
Project("{9A19103F-16F7-4668-BE54-9A1E7A4F7556}") = "NerdStore.Vendas.Domain", "02 - TDD\src\NerdStore.Vendas.Domain\NerdStore.Vendas.Domain.csproj", "{F74969B2-D33F-469F-807C-4E8821BD1C33}"
EndProject
Project("{9A19103F-16F7-4668-BE54-9A1E7A4F7556}") = "NerdStore.Vendas.Domain.Tests", "02 - TDD\Tests\NerdStore.Vendas.Domain.Tests\NerdStore.Vendas.Domain.Tests.csproj", "{1E800F65-F9B5-42F1-854D-9C1FA701A741}"
EndProject
Project("{9A19103F-16F7-4668-BE54-9A1E7A4F7556}") = "NerdStore.Core", "02 - TDD\src\NerdStore.Core\NerdStore.Core\NerdStore.Core.csproj", "{4F8C7936-30C9-41E9-B70D-A2F307112A01}"
EndProject
Project("{9A19103F-16F7-4668-BE54-9A1E7A4F7556}") = "NerdStore.Vendas.Application", "02 - TDD\src\NerdStore.Vendas.Application\NerdStore.Vendas.Application.csproj", "{E3482267-D39E-423E-9DA6-EB8DEE9E09AC}"
EndProject
Project("{9A19103F-16F7-4668-BE54-9A1E7A4F7556}") = "NerdStore.Vendas.Data", "02 - TDD\src\NerdStore.Vendas.Data\NerdStore.Vendas.Data.csproj", "{D0359A7A-6A13-4B12-ABF1-748C5F6AF86D}"
EndProject
Project("{2150E333-8FDC-42A3-9474-1A3956D46DE8}") = "03 - Testes de Integracao", "03 - Testes de Integracao", "{5696F91D-416E-47D5-8755-28BAE0676030}"
EndProject
Project("{9A19103F-16F7-4668-BE54-9A1E7A4F7556}") = "NerdStore.Catalogo.Application", "03 - Testes de Integracao\src\NerdStore.Catalogo.Application\NerdStore.Catalogo.Application.csproj", "{88426E90-18CF-4B49-A6DD-598BFA915AF0}"
EndProject
Project("{9A19103F-16F7-4668-BE54-9A1E7A4F7556}") = "NerdStore.Catalogo.Data", "03 - Testes de Integracao\src\NerdStore.Catalogo.Data\NerdStore.Catalogo.Data.csproj", "{F5F22DEB-169F-463F-89BD-BBE712BE2E46}"
EndProject
Project("{9A19103F-16F7-4668-BE54-9A1E7A4F7556}") = "NerdStore.Catalogo.Domain", "03 - Testes de Integracao\src\NerdStore.Catalogo.Domain\NerdStore.Catalogo.Domain.csproj", "{009998F6-F9EE-48E3-98AE-BE548C781152}"
EndProject
Project("{9A19103F-16F7-4668-BE54-9A1E7A4F7556}") = "NerdStore.WebApp.MVC", "03 - Testes de Integracao\src\NerdStore.WebApp.MVC\NerdStore.WebApp.MVC.csproj", "{A0CABF8E-3167-4F5D-9F32-6A147D0F24EC}"
EndProject
Project("{2150E333-8FDC-42A3-9474-1A3956D46DE8}") = "tests", "tests", "{F7387D2E-ADBD-4CA1-80A3-F798FC4D29D1}"
EndProject
Project("{9A19103F-16F7-4668-BE54-9A1E7A4F7556}") = "NerdStore.WebApp.Tests", "03 - Testes de Integracao\tests\NerdStore.WebApp.Tests\NerdStore.WebApp.Tests.csproj", "{12483E07-60C2-4D9D-8FA2-F866225DB9D0}"
EndProject
Global
	GlobalSection(SolutionConfigurationPlatforms) = preSolution
		Debug|Any CPU = Debug|Any CPU
		Release|Any CPU = Release|Any CPU
	EndGlobalSection
	GlobalSection(ProjectConfigurationPlatforms) = postSolution
		{7DCF7A19-DB87-4C82-8CC6-D87F1B122718}.Debug|Any CPU.ActiveCfg = Debug|Any CPU
		{7DCF7A19-DB87-4C82-8CC6-D87F1B122718}.Debug|Any CPU.Build.0 = Debug|Any CPU
		{7DCF7A19-DB87-4C82-8CC6-D87F1B122718}.Release|Any CPU.ActiveCfg = Release|Any CPU
		{7DCF7A19-DB87-4C82-8CC6-D87F1B122718}.Release|Any CPU.Build.0 = Release|Any CPU
		{DCDC4F31-E773-40FF-AD04-F6D61CB95B59}.Debug|Any CPU.ActiveCfg = Debug|Any CPU
		{DCDC4F31-E773-40FF-AD04-F6D61CB95B59}.Debug|Any CPU.Build.0 = Debug|Any CPU
		{DCDC4F31-E773-40FF-AD04-F6D61CB95B59}.Release|Any CPU.ActiveCfg = Release|Any CPU
		{DCDC4F31-E773-40FF-AD04-F6D61CB95B59}.Release|Any CPU.Build.0 = Release|Any CPU
		{C0B671C3-D99D-49F1-A849-631B9C0666EC}.Debug|Any CPU.ActiveCfg = Debug|Any CPU
		{C0B671C3-D99D-49F1-A849-631B9C0666EC}.Debug|Any CPU.Build.0 = Debug|Any CPU
		{C0B671C3-D99D-49F1-A849-631B9C0666EC}.Release|Any CPU.ActiveCfg = Release|Any CPU
		{C0B671C3-D99D-49F1-A849-631B9C0666EC}.Release|Any CPU.Build.0 = Release|Any CPU
		{485AEC71-D632-49F3-8E8A-B3F171CABEEB}.Debug|Any CPU.ActiveCfg = Debug|Any CPU
		{485AEC71-D632-49F3-8E8A-B3F171CABEEB}.Debug|Any CPU.Build.0 = Debug|Any CPU
		{485AEC71-D632-49F3-8E8A-B3F171CABEEB}.Release|Any CPU.ActiveCfg = Release|Any CPU
		{485AEC71-D632-49F3-8E8A-B3F171CABEEB}.Release|Any CPU.Build.0 = Release|Any CPU
		{F4FC16F5-D51A-4DA6-B991-618E2089D820}.Debug|Any CPU.ActiveCfg = Debug|Any CPU
		{F4FC16F5-D51A-4DA6-B991-618E2089D820}.Debug|Any CPU.Build.0 = Debug|Any CPU
		{F4FC16F5-D51A-4DA6-B991-618E2089D820}.Release|Any CPU.ActiveCfg = Release|Any CPU
		{F4FC16F5-D51A-4DA6-B991-618E2089D820}.Release|Any CPU.Build.0 = Release|Any CPU
		{F74969B2-D33F-469F-807C-4E8821BD1C33}.Debug|Any CPU.ActiveCfg = Debug|Any CPU
		{F74969B2-D33F-469F-807C-4E8821BD1C33}.Debug|Any CPU.Build.0 = Debug|Any CPU
		{F74969B2-D33F-469F-807C-4E8821BD1C33}.Release|Any CPU.ActiveCfg = Release|Any CPU
		{F74969B2-D33F-469F-807C-4E8821BD1C33}.Release|Any CPU.Build.0 = Release|Any CPU
		{1E800F65-F9B5-42F1-854D-9C1FA701A741}.Debug|Any CPU.ActiveCfg = Debug|Any CPU
		{1E800F65-F9B5-42F1-854D-9C1FA701A741}.Debug|Any CPU.Build.0 = Debug|Any CPU
		{1E800F65-F9B5-42F1-854D-9C1FA701A741}.Release|Any CPU.ActiveCfg = Release|Any CPU
		{1E800F65-F9B5-42F1-854D-9C1FA701A741}.Release|Any CPU.Build.0 = Release|Any CPU
		{4F8C7936-30C9-41E9-B70D-A2F307112A01}.Debug|Any CPU.ActiveCfg = Debug|Any CPU
		{4F8C7936-30C9-41E9-B70D-A2F307112A01}.Debug|Any CPU.Build.0 = Debug|Any CPU
		{4F8C7936-30C9-41E9-B70D-A2F307112A01}.Release|Any CPU.ActiveCfg = Release|Any CPU
		{4F8C7936-30C9-41E9-B70D-A2F307112A01}.Release|Any CPU.Build.0 = Release|Any CPU
		{E3482267-D39E-423E-9DA6-EB8DEE9E09AC}.Debug|Any CPU.ActiveCfg = Debug|Any CPU
		{E3482267-D39E-423E-9DA6-EB8DEE9E09AC}.Debug|Any CPU.Build.0 = Debug|Any CPU
		{E3482267-D39E-423E-9DA6-EB8DEE9E09AC}.Release|Any CPU.ActiveCfg = Release|Any CPU
		{E3482267-D39E-423E-9DA6-EB8DEE9E09AC}.Release|Any CPU.Build.0 = Release|Any CPU
		{D0359A7A-6A13-4B12-ABF1-748C5F6AF86D}.Debug|Any CPU.ActiveCfg = Debug|Any CPU
		{D0359A7A-6A13-4B12-ABF1-748C5F6AF86D}.Debug|Any CPU.Build.0 = Debug|Any CPU
		{D0359A7A-6A13-4B12-ABF1-748C5F6AF86D}.Release|Any CPU.ActiveCfg = Release|Any CPU
		{D0359A7A-6A13-4B12-ABF1-748C5F6AF86D}.Release|Any CPU.Build.0 = Release|Any CPU
		{88426E90-18CF-4B49-A6DD-598BFA915AF0}.Debug|Any CPU.ActiveCfg = Debug|Any CPU
		{88426E90-18CF-4B49-A6DD-598BFA915AF0}.Debug|Any CPU.Build.0 = Debug|Any CPU
		{88426E90-18CF-4B49-A6DD-598BFA915AF0}.Release|Any CPU.ActiveCfg = Release|Any CPU
		{88426E90-18CF-4B49-A6DD-598BFA915AF0}.Release|Any CPU.Build.0 = Release|Any CPU
		{F5F22DEB-169F-463F-89BD-BBE712BE2E46}.Debug|Any CPU.ActiveCfg = Debug|Any CPU
		{F5F22DEB-169F-463F-89BD-BBE712BE2E46}.Debug|Any CPU.Build.0 = Debug|Any CPU
		{F5F22DEB-169F-463F-89BD-BBE712BE2E46}.Release|Any CPU.ActiveCfg = Release|Any CPU
		{F5F22DEB-169F-463F-89BD-BBE712BE2E46}.Release|Any CPU.Build.0 = Release|Any CPU
		{009998F6-F9EE-48E3-98AE-BE548C781152}.Debug|Any CPU.ActiveCfg = Debug|Any CPU
		{009998F6-F9EE-48E3-98AE-BE548C781152}.Debug|Any CPU.Build.0 = Debug|Any CPU
		{009998F6-F9EE-48E3-98AE-BE548C781152}.Release|Any CPU.ActiveCfg = Release|Any CPU
		{009998F6-F9EE-48E3-98AE-BE548C781152}.Release|Any CPU.Build.0 = Release|Any CPU
		{A0CABF8E-3167-4F5D-9F32-6A147D0F24EC}.Debug|Any CPU.ActiveCfg = Debug|Any CPU
		{A0CABF8E-3167-4F5D-9F32-6A147D0F24EC}.Debug|Any CPU.Build.0 = Debug|Any CPU
		{A0CABF8E-3167-4F5D-9F32-6A147D0F24EC}.Release|Any CPU.ActiveCfg = Release|Any CPU
		{A0CABF8E-3167-4F5D-9F32-6A147D0F24EC}.Release|Any CPU.Build.0 = Release|Any CPU
		{12483E07-60C2-4D9D-8FA2-F866225DB9D0}.Debug|Any CPU.ActiveCfg = Debug|Any CPU
		{12483E07-60C2-4D9D-8FA2-F866225DB9D0}.Debug|Any CPU.Build.0 = Debug|Any CPU
		{12483E07-60C2-4D9D-8FA2-F866225DB9D0}.Release|Any CPU.ActiveCfg = Release|Any CPU
		{12483E07-60C2-4D9D-8FA2-F866225DB9D0}.Release|Any CPU.Build.0 = Release|Any CPU
	EndGlobalSection
	GlobalSection(SolutionProperties) = preSolution
		HideSolutionNode = FALSE
	EndGlobalSection
	GlobalSection(NestedProjects) = preSolution
		{CA4EA6EF-3A54-431B-AFE4-B9B538D087E2} = {8029700F-F992-4E61-91B8-B81824719F12}
		{7DCF7A19-DB87-4C82-8CC6-D87F1B122718} = {CA4EA6EF-3A54-431B-AFE4-B9B538D087E2}
		{DCDC4F31-E773-40FF-AD04-F6D61CB95B59} = {CA4EA6EF-3A54-431B-AFE4-B9B538D087E2}
		{9C3C87AD-58B2-4310-923A-B200BA7CA136} = {8029700F-F992-4E61-91B8-B81824719F12}
		{C0B671C3-D99D-49F1-A849-631B9C0666EC} = {9C3C87AD-58B2-4310-923A-B200BA7CA136}
		{485AEC71-D632-49F3-8E8A-B3F171CABEEB} = {9C3C87AD-58B2-4310-923A-B200BA7CA136}
		{0DAB8549-7555-4F8F-BAC4-F815CC3003BD} = {267F4DB6-54A5-48AB-BA1E-F6AF77ED7E22}
		{F4FC16F5-D51A-4DA6-B991-618E2089D820} = {0DAB8549-7555-4F8F-BAC4-F815CC3003BD}
		{F74969B2-D33F-469F-807C-4E8821BD1C33} = {267F4DB6-54A5-48AB-BA1E-F6AF77ED7E22}
		{1E800F65-F9B5-42F1-854D-9C1FA701A741} = {0DAB8549-7555-4F8F-BAC4-F815CC3003BD}
		{4F8C7936-30C9-41E9-B70D-A2F307112A01} = {267F4DB6-54A5-48AB-BA1E-F6AF77ED7E22}
		{E3482267-D39E-423E-9DA6-EB8DEE9E09AC} = {267F4DB6-54A5-48AB-BA1E-F6AF77ED7E22}
		{D0359A7A-6A13-4B12-ABF1-748C5F6AF86D} = {267F4DB6-54A5-48AB-BA1E-F6AF77ED7E22}
		{88426E90-18CF-4B49-A6DD-598BFA915AF0} = {5696F91D-416E-47D5-8755-28BAE0676030}
		{F5F22DEB-169F-463F-89BD-BBE712BE2E46} = {5696F91D-416E-47D5-8755-28BAE0676030}
		{009998F6-F9EE-48E3-98AE-BE548C781152} = {5696F91D-416E-47D5-8755-28BAE0676030}
		{A0CABF8E-3167-4F5D-9F32-6A147D0F24EC} = {5696F91D-416E-47D5-8755-28BAE0676030}
		{F7387D2E-ADBD-4CA1-80A3-F798FC4D29D1} = {5696F91D-416E-47D5-8755-28BAE0676030}
		{12483E07-60C2-4D9D-8FA2-F866225DB9D0} = {F7387D2E-ADBD-4CA1-80A3-F798FC4D29D1}
	EndGlobalSection
	GlobalSection(ExtensibilityGlobals) = postSolution
		SolutionGuid = {3D92A490-502A-414D-BD9B-A43E9C99DA08}
	EndGlobalSection
EndGlobal
